// !$*UTF8*$!
{
	archiveVersion = 1;
	classes = {
	};
	objectVersion = 50;
	objects = {

/* Begin PBXBuildFile section */
		40835C74245B603A007B942D /* AppDelegate.swift in Sources */ = {isa = PBXBuildFile; fileRef = 40835C73245B603A007B942D /* AppDelegate.swift */; };
		40835C76245B603A007B942D /* SceneDelegate.swift in Sources */ = {isa = PBXBuildFile; fileRef = 40835C75245B603A007B942D /* SceneDelegate.swift */; };
		40835C80245B603C007B942D /* LaunchScreen.storyboard in Resources */ = {isa = PBXBuildFile; fileRef = 40835C7E245B603C007B942D /* LaunchScreen.storyboard */; };
		40835C8B245C7037007B942D /* LoginViewController.swift in Sources */ = {isa = PBXBuildFile; fileRef = 40835C8A245C7037007B942D /* LoginViewController.swift */; };
		40835C8D245C7051007B942D /* LoginViewPresenter.swift in Sources */ = {isa = PBXBuildFile; fileRef = 40835C8C245C7051007B942D /* LoginViewPresenter.swift */; };
		40835C8F245C7062007B942D /* LoginViewModel.swift in Sources */ = {isa = PBXBuildFile; fileRef = 40835C8E245C7062007B942D /* LoginViewModel.swift */; };
		40835C91245C7072007B942D /* LoginViewConfigurator.swift in Sources */ = {isa = PBXBuildFile; fileRef = 40835C90245C7072007B942D /* LoginViewConfigurator.swift */; };
		40835C9D245C723F007B942D /* BaseConfigurator.swift in Sources */ = {isa = PBXBuildFile; fileRef = 40835C99245C723F007B942D /* BaseConfigurator.swift */; };
		40835C9E245C723F007B942D /* Configurable.swift in Sources */ = {isa = PBXBuildFile; fileRef = 40835C9B245C723F007B942D /* Configurable.swift */; };
		40835C9F245C723F007B942D /* NavigationControllerEmbedding.swift in Sources */ = {isa = PBXBuildFile; fileRef = 40835C9C245C723F007B942D /* NavigationControllerEmbedding.swift */; };
		40835CA2245C728C007B942D /* BaseNavigationViewController.swift in Sources */ = {isa = PBXBuildFile; fileRef = 40835CA1245C728C007B942D /* BaseNavigationViewController.swift */; };
		40835CA5245C731A007B942D /* ControllerCreationFabric.swift in Sources */ = {isa = PBXBuildFile; fileRef = 40835CA4245C731A007B942D /* ControllerCreationFabric.swift */; };
		40835CA7245C7375007B942D /* BaseStartingConfigurator.swift in Sources */ = {isa = PBXBuildFile; fileRef = 40835CA6245C7375007B942D /* BaseStartingConfigurator.swift */; };
		40835CA9245C7565007B942D /* Model.swift in Sources */ = {isa = PBXBuildFile; fileRef = 40835CA8245C7565007B942D /* Model.swift */; };
		40835CAB245C75FD007B942D /* Protocol.swift in Sources */ = {isa = PBXBuildFile; fileRef = 40835CAA245C75FD007B942D /* Protocol.swift */; };
		40835CAD245C7772007B942D /* ViewController.swift in Sources */ = {isa = PBXBuildFile; fileRef = 40835CAC245C7772007B942D /* ViewController.swift */; };
		40835CAF245C7808007B942D /* ProgressContainig.swift in Sources */ = {isa = PBXBuildFile; fileRef = 40835CAE245C7808007B942D /* ProgressContainig.swift */; };
		40835CB2245C7B42007B942D /* Credentionals.swift in Sources */ = {isa = PBXBuildFile; fileRef = 40835CB1245C7B42007B942D /* Credentionals.swift */; };
		40835CB4245C809A007B942D /* BaseViewController.swift in Sources */ = {isa = PBXBuildFile; fileRef = 40835CB3245C809A007B942D /* BaseViewController.swift */; };
		40835CB7245C81B5007B942D /* Int + Constants.swift in Sources */ = {isa = PBXBuildFile; fileRef = 40835CB6245C81B5007B942D /* Int + Constants.swift */; };
		40835CBC245C8470007B942D /* UIViewLoading.swift in Sources */ = {isa = PBXBuildFile; fileRef = 40835CBB245C8470007B942D /* UIViewLoading.swift */; };
		40835CC6245C8A72007B942D /* String + Constants.swift in Sources */ = {isa = PBXBuildFile; fileRef = 40835CC5245C8A72007B942D /* String + Constants.swift */; };
		40835CC9245C8AE5007B942D /* Constants.swift in Sources */ = {isa = PBXBuildFile; fileRef = 40835CC8245C8AE5007B942D /* Constants.swift */; };
		40835CCB245C8B5A007B942D /* String+Localized.swift in Sources */ = {isa = PBXBuildFile; fileRef = 40835CCA245C8B5A007B942D /* String+Localized.swift */; };
		40835CCD245C8C0E007B942D /* StartUpFlowType.swift in Sources */ = {isa = PBXBuildFile; fileRef = 40835CCC245C8C0E007B942D /* StartUpFlowType.swift */; };
		40835CD6245C97D9007B942D /* Montserrat-Medium.ttf in Resources */ = {isa = PBXBuildFile; fileRef = 40835CD1245C97D9007B942D /* Montserrat-Medium.ttf */; };
		40835CD7245C97D9007B942D /* Montserrat-Light.ttf in Resources */ = {isa = PBXBuildFile; fileRef = 40835CD2245C97D9007B942D /* Montserrat-Light.ttf */; };
		40835CD8245C97D9007B942D /* Montserrat-Bold.ttf in Resources */ = {isa = PBXBuildFile; fileRef = 40835CD3245C97D9007B942D /* Montserrat-Bold.ttf */; };
		40835CD9245C97D9007B942D /* Montserrat-SemiBold.ttf in Resources */ = {isa = PBXBuildFile; fileRef = 40835CD4245C97D9007B942D /* Montserrat-SemiBold.ttf */; };
		40835CDA245C97D9007B942D /* Montserrat-Regular.ttf in Resources */ = {isa = PBXBuildFile; fileRef = 40835CD5245C97D9007B942D /* Montserrat-Regular.ttf */; };
		40835CDC245C9FDC007B942D /* UIViewController+KeyBoardDismissal.swift in Sources */ = {isa = PBXBuildFile; fileRef = 40835CDB245C9FDC007B942D /* UIViewController+KeyBoardDismissal.swift */; };
		40835CDF245D7A21007B942D /* DomainsListViewController.swift in Sources */ = {isa = PBXBuildFile; fileRef = 40835CDE245D7A21007B942D /* DomainsListViewController.swift */; };
		40835CE1245D7A32007B942D /* DomainsListPresenter.swift in Sources */ = {isa = PBXBuildFile; fileRef = 40835CE0245D7A32007B942D /* DomainsListPresenter.swift */; };
		40835CE3245D7A3F007B942D /* DomainsListModel.swift in Sources */ = {isa = PBXBuildFile; fileRef = 40835CE2245D7A3F007B942D /* DomainsListModel.swift */; };
		40835CE5245D7A4F007B942D /* DomainsListConfigurator.swift in Sources */ = {isa = PBXBuildFile; fileRef = 40835CE4245D7A4F007B942D /* DomainsListConfigurator.swift */; };
		40835CE8245D7D13007B942D /* NetworkManager.swift in Sources */ = {isa = PBXBuildFile; fileRef = 40835CE7245D7D13007B942D /* NetworkManager.swift */; };
		40835CEA245D7E01007B942D /* Controllers.swift in Sources */ = {isa = PBXBuildFile; fileRef = 40835CE9245D7E01007B942D /* Controllers.swift */; };
		40835CEC245D83FC007B942D /* PlainModelFillable.swift in Sources */ = {isa = PBXBuildFile; fileRef = 40835CEB245D83FC007B942D /* PlainModelFillable.swift */; };
		40835CF0245D84D7007B942D /* DomainTableViewCell.swift in Sources */ = {isa = PBXBuildFile; fileRef = 40835CEE245D84D7007B942D /* DomainTableViewCell.swift */; };
		40835CF1245D84D7007B942D /* DomainTableViewCell.xib in Resources */ = {isa = PBXBuildFile; fileRef = 40835CEF245D84D7007B942D /* DomainTableViewCell.xib */; };
		40835CF4245D86BF007B942D /* Colors.xcassets in Resources */ = {isa = PBXBuildFile; fileRef = 40835CF3245D86BF007B942D /* Colors.xcassets */; };
		40835CF6245D8D1A007B942D /* UITableViewCell+ReuseIdentifier.swift in Sources */ = {isa = PBXBuildFile; fileRef = 40835CF5245D8D1A007B942D /* UITableViewCell+ReuseIdentifier.swift */; };
		40835CF8245D91E3007B942D /* ReachabilityManager.swift in Sources */ = {isa = PBXBuildFile; fileRef = 40835CF7245D91E3007B942D /* ReachabilityManager.swift */; };
		40835CFB245D938A007B942D /* Domain.swift in Sources */ = {isa = PBXBuildFile; fileRef = 40835CFA245D938A007B942D /* Domain.swift */; };
		40835CFD245F0D41007B942D /* DomainResponse.swift in Sources */ = {isa = PBXBuildFile; fileRef = 40835CFC245F0D41007B942D /* DomainResponse.swift */; };
		40F35E17245F6326002634C7 /* Assets.xcassets in Resources */ = {isa = PBXBuildFile; fileRef = 40F35E16245F6326002634C7 /* Assets.xcassets */; };
		40F35E2B2460C8A3002634C7 /* AlertViewState.swift in Sources */ = {isa = PBXBuildFile; fileRef = 40F35E262460C8A3002634C7 /* AlertViewState.swift */; };
		40F35E2C2460C8A3002634C7 /* AlertView.xib in Resources */ = {isa = PBXBuildFile; fileRef = 40F35E272460C8A3002634C7 /* AlertView.xib */; };
		40F35E2D2460C8A3002634C7 /* AlertViewAction.swift in Sources */ = {isa = PBXBuildFile; fileRef = 40F35E292460C8A3002634C7 /* AlertViewAction.swift */; };
		40F35E2E2460C8A3002634C7 /* AlertView.swift in Sources */ = {isa = PBXBuildFile; fileRef = 40F35E2A2460C8A3002634C7 /* AlertView.swift */; };
		40F35E362460C8AF002634C7 /* NavigationBar.swift in Sources */ = {isa = PBXBuildFile; fileRef = 40F35E302460C8AF002634C7 /* NavigationBar.swift */; };
		40F35E372460C8AF002634C7 /* NavigationBarBackState.swift in Sources */ = {isa = PBXBuildFile; fileRef = 40F35E322460C8AF002634C7 /* NavigationBarBackState.swift */; };
		40F35E382460C8AF002634C7 /* NavigationBar.xib in Resources */ = {isa = PBXBuildFile; fileRef = 40F35E332460C8AF002634C7 /* NavigationBar.xib */; };
		40F35E392460C8AF002634C7 /* NavigationBarDelegate.swift in Sources */ = {isa = PBXBuildFile; fileRef = 40F35E352460C8AF002634C7 /* NavigationBarDelegate.swift */; };
		40F35E3B2460CA36002634C7 /* OnControllerPresentable.swift in Sources */ = {isa = PBXBuildFile; fileRef = 40F35E3A2460CA36002634C7 /* OnControllerPresentable.swift */; };
		40F35E3D2460CAD4002634C7 /* UIView+Constraints.swift in Sources */ = {isa = PBXBuildFile; fileRef = 40F35E3C2460CAD4002634C7 /* UIView+Constraints.swift */; };
		40F35E3F2460CC07002634C7 /* GradientView.swift in Sources */ = {isa = PBXBuildFile; fileRef = 40F35E3E2460CC07002634C7 /* GradientView.swift */; };
		40F35E4324646DA9002634C7 /* WaitingView.xib in Resources */ = {isa = PBXBuildFile; fileRef = 40F35E4124646DA8002634C7 /* WaitingView.xib */; };
		40F35E4424646DA9002634C7 /* WaitingView.swift in Sources */ = {isa = PBXBuildFile; fileRef = 40F35E4224646DA8002634C7 /* WaitingView.swift */; };
		40F35E47246473E6002634C7 /* Main.storyboard in Resources */ = {isa = PBXBuildFile; fileRef = 40F35E46246473E6002634C7 /* Main.storyboard */; };
		40F35E4E2464781B002634C7 /* AddDomainController.swift in Sources */ = {isa = PBXBuildFile; fileRef = 40F35E4D2464781B002634C7 /* AddDomainController.swift */; };
		40F35E502464782E002634C7 /* AddDomainPresenter.swift in Sources */ = {isa = PBXBuildFile; fileRef = 40F35E4F2464782E002634C7 /* AddDomainPresenter.swift */; };
		40F35E5224647851002634C7 /* AddDomainConfigurator.swift in Sources */ = {isa = PBXBuildFile; fileRef = 40F35E5124647851002634C7 /* AddDomainConfigurator.swift */; };
		40F35E5424647914002634C7 /* AddDomainModel.swift in Sources */ = {isa = PBXBuildFile; fileRef = 40F35E5324647914002634C7 /* AddDomainModel.swift */; };
		40F35E562464AF97002634C7 /* DomainTypeResponse.swift in Sources */ = {isa = PBXBuildFile; fileRef = 40F35E552464AF97002634C7 /* DomainTypeResponse.swift */; };
		40F35E5924654356002634C7 /* SelectableDialog.swift in Sources */ = {isa = PBXBuildFile; fileRef = 40F35E5824654356002634C7 /* SelectableDialog.swift */; };
		40F35E5B24654394002634C7 /* SelectableDialog.xib in Resources */ = {isa = PBXBuildFile; fileRef = 40F35E5A24654394002634C7 /* SelectableDialog.xib */; };
		40F35E5E2465496B002634C7 /* SelectableIView.swift in Sources */ = {isa = PBXBuildFile; fileRef = 40F35E5D2465496B002634C7 /* SelectableIView.swift */; };
		40F35E602465497F002634C7 /* SelectableIView.xib in Resources */ = {isa = PBXBuildFile; fileRef = 40F35E5F2465497F002634C7 /* SelectableIView.xib */; };
		40F35E6324654AF1002634C7 /* SelectableViewModel.swift in Sources */ = {isa = PBXBuildFile; fileRef = 40F35E6224654AF1002634C7 /* SelectableViewModel.swift */; };
		40F35E6524654C1A002634C7 /* SelectableItemModel.swift in Sources */ = {isa = PBXBuildFile; fileRef = 40F35E6424654C1A002634C7 /* SelectableItemModel.swift */; };
		40F35E6924654D9E002634C7 /* SelectableItemTableViewCell.swift in Sources */ = {isa = PBXBuildFile; fileRef = 40F35E6724654D9E002634C7 /* SelectableItemTableViewCell.swift */; };
		40F35E6A24654D9E002634C7 /* SelectableItemTableViewCell.xib in Resources */ = {isa = PBXBuildFile; fileRef = 40F35E6824654D9E002634C7 /* SelectableItemTableViewCell.xib */; };
		40F35E6C24659EEF002634C7 /* DomainCreateResponse.swift in Sources */ = {isa = PBXBuildFile; fileRef = 40F35E6B24659EEF002634C7 /* DomainCreateResponse.swift */; };
/* End PBXBuildFile section */

/* Begin PBXFileReference section */
		40835C70245B603A007B942D /* LazarusNetwork.app */ = {isa = PBXFileReference; explicitFileType = wrapper.application; includeInIndex = 0; path = LazarusNetwork.app; sourceTree = BUILT_PRODUCTS_DIR; };
		40835C73245B603A007B942D /* AppDelegate.swift */ = {isa = PBXFileReference; lastKnownFileType = sourcecode.swift; path = AppDelegate.swift; sourceTree = "<group>"; };
		40835C75245B603A007B942D /* SceneDelegate.swift */ = {isa = PBXFileReference; lastKnownFileType = sourcecode.swift; path = SceneDelegate.swift; sourceTree = "<group>"; };
		40835C7F245B603C007B942D /* Base */ = {isa = PBXFileReference; lastKnownFileType = file.storyboard; name = Base; path = Base.lproj/LaunchScreen.storyboard; sourceTree = "<group>"; };
		40835C81245B603C007B942D /* Info.plist */ = {isa = PBXFileReference; lastKnownFileType = text.plist.xml; path = Info.plist; sourceTree = "<group>"; };
		40835C8A245C7037007B942D /* LoginViewController.swift */ = {isa = PBXFileReference; lastKnownFileType = sourcecode.swift; path = LoginViewController.swift; sourceTree = "<group>"; };
		40835C8C245C7051007B942D /* LoginViewPresenter.swift */ = {isa = PBXFileReference; lastKnownFileType = sourcecode.swift; path = LoginViewPresenter.swift; sourceTree = "<group>"; };
		40835C8E245C7062007B942D /* LoginViewModel.swift */ = {isa = PBXFileReference; lastKnownFileType = sourcecode.swift; path = LoginViewModel.swift; sourceTree = "<group>"; };
		40835C90245C7072007B942D /* LoginViewConfigurator.swift */ = {isa = PBXFileReference; lastKnownFileType = sourcecode.swift; path = LoginViewConfigurator.swift; sourceTree = "<group>"; };
		40835C99245C723F007B942D /* BaseConfigurator.swift */ = {isa = PBXFileReference; fileEncoding = 4; lastKnownFileType = sourcecode.swift; path = BaseConfigurator.swift; sourceTree = "<group>"; };
		40835C9B245C723F007B942D /* Configurable.swift */ = {isa = PBXFileReference; fileEncoding = 4; lastKnownFileType = sourcecode.swift; path = Configurable.swift; sourceTree = "<group>"; };
		40835C9C245C723F007B942D /* NavigationControllerEmbedding.swift */ = {isa = PBXFileReference; fileEncoding = 4; lastKnownFileType = sourcecode.swift; path = NavigationControllerEmbedding.swift; sourceTree = "<group>"; };
		40835CA1245C728C007B942D /* BaseNavigationViewController.swift */ = {isa = PBXFileReference; lastKnownFileType = sourcecode.swift; path = BaseNavigationViewController.swift; sourceTree = "<group>"; };
		40835CA4245C731A007B942D /* ControllerCreationFabric.swift */ = {isa = PBXFileReference; lastKnownFileType = sourcecode.swift; path = ControllerCreationFabric.swift; sourceTree = "<group>"; };
		40835CA6245C7375007B942D /* BaseStartingConfigurator.swift */ = {isa = PBXFileReference; lastKnownFileType = sourcecode.swift; path = BaseStartingConfigurator.swift; sourceTree = "<group>"; };
		40835CA8245C7565007B942D /* Model.swift */ = {isa = PBXFileReference; lastKnownFileType = sourcecode.swift; path = Model.swift; sourceTree = "<group>"; };
		40835CAA245C75FD007B942D /* Protocol.swift */ = {isa = PBXFileReference; lastKnownFileType = sourcecode.swift; path = Protocol.swift; sourceTree = "<group>"; };
		40835CAC245C7772007B942D /* ViewController.swift */ = {isa = PBXFileReference; lastKnownFileType = sourcecode.swift; path = ViewController.swift; sourceTree = "<group>"; };
		40835CAE245C7808007B942D /* ProgressContainig.swift */ = {isa = PBXFileReference; lastKnownFileType = sourcecode.swift; path = ProgressContainig.swift; sourceTree = "<group>"; };
		40835CB1245C7B42007B942D /* Credentionals.swift */ = {isa = PBXFileReference; lastKnownFileType = sourcecode.swift; path = Credentionals.swift; sourceTree = "<group>"; };
		40835CB3245C809A007B942D /* BaseViewController.swift */ = {isa = PBXFileReference; lastKnownFileType = sourcecode.swift; path = BaseViewController.swift; sourceTree = "<group>"; };
		40835CB6245C81B5007B942D /* Int + Constants.swift */ = {isa = PBXFileReference; lastKnownFileType = sourcecode.swift; path = "Int + Constants.swift"; sourceTree = "<group>"; };
		40835CBB245C8470007B942D /* UIViewLoading.swift */ = {isa = PBXFileReference; lastKnownFileType = sourcecode.swift; path = UIViewLoading.swift; sourceTree = "<group>"; };
		40835CC5245C8A72007B942D /* String + Constants.swift */ = {isa = PBXFileReference; lastKnownFileType = sourcecode.swift; path = "String + Constants.swift"; sourceTree = "<group>"; };
		40835CC8245C8AE5007B942D /* Constants.swift */ = {isa = PBXFileReference; lastKnownFileType = sourcecode.swift; path = Constants.swift; sourceTree = "<group>"; };
		40835CCA245C8B5A007B942D /* String+Localized.swift */ = {isa = PBXFileReference; lastKnownFileType = sourcecode.swift; path = "String+Localized.swift"; sourceTree = "<group>"; };
		40835CCC245C8C0E007B942D /* StartUpFlowType.swift */ = {isa = PBXFileReference; lastKnownFileType = sourcecode.swift; path = StartUpFlowType.swift; sourceTree = "<group>"; };
		40835CD1245C97D9007B942D /* Montserrat-Medium.ttf */ = {isa = PBXFileReference; lastKnownFileType = file; path = "Montserrat-Medium.ttf"; sourceTree = "<group>"; };
		40835CD2245C97D9007B942D /* Montserrat-Light.ttf */ = {isa = PBXFileReference; lastKnownFileType = file; path = "Montserrat-Light.ttf"; sourceTree = "<group>"; };
		40835CD3245C97D9007B942D /* Montserrat-Bold.ttf */ = {isa = PBXFileReference; lastKnownFileType = file; path = "Montserrat-Bold.ttf"; sourceTree = "<group>"; };
		40835CD4245C97D9007B942D /* Montserrat-SemiBold.ttf */ = {isa = PBXFileReference; lastKnownFileType = file; path = "Montserrat-SemiBold.ttf"; sourceTree = "<group>"; };
		40835CD5245C97D9007B942D /* Montserrat-Regular.ttf */ = {isa = PBXFileReference; lastKnownFileType = file; path = "Montserrat-Regular.ttf"; sourceTree = "<group>"; };
		40835CDB245C9FDC007B942D /* UIViewController+KeyBoardDismissal.swift */ = {isa = PBXFileReference; lastKnownFileType = sourcecode.swift; path = "UIViewController+KeyBoardDismissal.swift"; sourceTree = "<group>"; };
		40835CDE245D7A21007B942D /* DomainsListViewController.swift */ = {isa = PBXFileReference; lastKnownFileType = sourcecode.swift; path = DomainsListViewController.swift; sourceTree = "<group>"; };
		40835CE0245D7A32007B942D /* DomainsListPresenter.swift */ = {isa = PBXFileReference; lastKnownFileType = sourcecode.swift; path = DomainsListPresenter.swift; sourceTree = "<group>"; };
		40835CE2245D7A3F007B942D /* DomainsListModel.swift */ = {isa = PBXFileReference; lastKnownFileType = sourcecode.swift; path = DomainsListModel.swift; sourceTree = "<group>"; };
		40835CE4245D7A4F007B942D /* DomainsListConfigurator.swift */ = {isa = PBXFileReference; lastKnownFileType = sourcecode.swift; path = DomainsListConfigurator.swift; sourceTree = "<group>"; };
		40835CE7245D7D13007B942D /* NetworkManager.swift */ = {isa = PBXFileReference; lastKnownFileType = sourcecode.swift; path = NetworkManager.swift; sourceTree = "<group>"; };
		40835CE9245D7E01007B942D /* Controllers.swift */ = {isa = PBXFileReference; lastKnownFileType = sourcecode.swift; path = Controllers.swift; sourceTree = "<group>"; };
		40835CEB245D83FC007B942D /* PlainModelFillable.swift */ = {isa = PBXFileReference; lastKnownFileType = sourcecode.swift; path = PlainModelFillable.swift; sourceTree = "<group>"; };
		40835CEE245D84D7007B942D /* DomainTableViewCell.swift */ = {isa = PBXFileReference; lastKnownFileType = sourcecode.swift; path = DomainTableViewCell.swift; sourceTree = "<group>"; };
		40835CEF245D84D7007B942D /* DomainTableViewCell.xib */ = {isa = PBXFileReference; lastKnownFileType = file.xib; path = DomainTableViewCell.xib; sourceTree = "<group>"; };
		40835CF3245D86BF007B942D /* Colors.xcassets */ = {isa = PBXFileReference; lastKnownFileType = folder.assetcatalog; path = Colors.xcassets; sourceTree = "<group>"; };
		40835CF5245D8D1A007B942D /* UITableViewCell+ReuseIdentifier.swift */ = {isa = PBXFileReference; lastKnownFileType = sourcecode.swift; path = "UITableViewCell+ReuseIdentifier.swift"; sourceTree = "<group>"; };
		40835CF7245D91E3007B942D /* ReachabilityManager.swift */ = {isa = PBXFileReference; lastKnownFileType = sourcecode.swift; path = ReachabilityManager.swift; sourceTree = "<group>"; };
		40835CFA245D938A007B942D /* Domain.swift */ = {isa = PBXFileReference; lastKnownFileType = sourcecode.swift; path = Domain.swift; sourceTree = "<group>"; };
		40835CFC245F0D41007B942D /* DomainResponse.swift */ = {isa = PBXFileReference; lastKnownFileType = sourcecode.swift; path = DomainResponse.swift; sourceTree = "<group>"; };
		40F35E16245F6326002634C7 /* Assets.xcassets */ = {isa = PBXFileReference; lastKnownFileType = folder.assetcatalog; path = Assets.xcassets; sourceTree = "<group>"; };
		40F35E262460C8A3002634C7 /* AlertViewState.swift */ = {isa = PBXFileReference; fileEncoding = 4; lastKnownFileType = sourcecode.swift; path = AlertViewState.swift; sourceTree = "<group>"; };
		40F35E272460C8A3002634C7 /* AlertView.xib */ = {isa = PBXFileReference; fileEncoding = 4; lastKnownFileType = file.xib; path = AlertView.xib; sourceTree = "<group>"; };
		40F35E292460C8A3002634C7 /* AlertViewAction.swift */ = {isa = PBXFileReference; fileEncoding = 4; lastKnownFileType = sourcecode.swift; path = AlertViewAction.swift; sourceTree = "<group>"; };
		40F35E2A2460C8A3002634C7 /* AlertView.swift */ = {isa = PBXFileReference; fileEncoding = 4; lastKnownFileType = sourcecode.swift; path = AlertView.swift; sourceTree = "<group>"; };
		40F35E302460C8AF002634C7 /* NavigationBar.swift */ = {isa = PBXFileReference; fileEncoding = 4; lastKnownFileType = sourcecode.swift; path = NavigationBar.swift; sourceTree = "<group>"; };
		40F35E322460C8AF002634C7 /* NavigationBarBackState.swift */ = {isa = PBXFileReference; fileEncoding = 4; lastKnownFileType = sourcecode.swift; path = NavigationBarBackState.swift; sourceTree = "<group>"; };
		40F35E332460C8AF002634C7 /* NavigationBar.xib */ = {isa = PBXFileReference; fileEncoding = 4; lastKnownFileType = file.xib; path = NavigationBar.xib; sourceTree = "<group>"; };
		40F35E352460C8AF002634C7 /* NavigationBarDelegate.swift */ = {isa = PBXFileReference; fileEncoding = 4; lastKnownFileType = sourcecode.swift; path = NavigationBarDelegate.swift; sourceTree = "<group>"; };
		40F35E3A2460CA36002634C7 /* OnControllerPresentable.swift */ = {isa = PBXFileReference; lastKnownFileType = sourcecode.swift; path = OnControllerPresentable.swift; sourceTree = "<group>"; };
		40F35E3C2460CAD4002634C7 /* UIView+Constraints.swift */ = {isa = PBXFileReference; lastKnownFileType = sourcecode.swift; path = "UIView+Constraints.swift"; sourceTree = "<group>"; };
		40F35E3E2460CC07002634C7 /* GradientView.swift */ = {isa = PBXFileReference; lastKnownFileType = sourcecode.swift; path = GradientView.swift; sourceTree = "<group>"; };
		40F35E4124646DA8002634C7 /* WaitingView.xib */ = {isa = PBXFileReference; fileEncoding = 4; lastKnownFileType = file.xib; path = WaitingView.xib; sourceTree = "<group>"; };
		40F35E4224646DA8002634C7 /* WaitingView.swift */ = {isa = PBXFileReference; fileEncoding = 4; lastKnownFileType = sourcecode.swift; path = WaitingView.swift; sourceTree = "<group>"; };
		40F35E46246473E6002634C7 /* Main.storyboard */ = {isa = PBXFileReference; fileEncoding = 4; lastKnownFileType = file.storyboard; path = Main.storyboard; sourceTree = "<group>"; };
		40F35E4D2464781B002634C7 /* AddDomainController.swift */ = {isa = PBXFileReference; fileEncoding = 4; lastKnownFileType = sourcecode.swift; path = AddDomainController.swift; sourceTree = "<group>"; };
		40F35E4F2464782E002634C7 /* AddDomainPresenter.swift */ = {isa = PBXFileReference; lastKnownFileType = sourcecode.swift; path = AddDomainPresenter.swift; sourceTree = "<group>"; };
		40F35E5124647851002634C7 /* AddDomainConfigurator.swift */ = {isa = PBXFileReference; lastKnownFileType = sourcecode.swift; path = AddDomainConfigurator.swift; sourceTree = "<group>"; };
		40F35E5324647914002634C7 /* AddDomainModel.swift */ = {isa = PBXFileReference; lastKnownFileType = sourcecode.swift; path = AddDomainModel.swift; sourceTree = "<group>"; };
		40F35E552464AF97002634C7 /* DomainTypeResponse.swift */ = {isa = PBXFileReference; lastKnownFileType = sourcecode.swift; path = DomainTypeResponse.swift; sourceTree = "<group>"; };
		40F35E5824654356002634C7 /* SelectableDialog.swift */ = {isa = PBXFileReference; lastKnownFileType = sourcecode.swift; path = SelectableDialog.swift; sourceTree = "<group>"; };
		40F35E5A24654394002634C7 /* SelectableDialog.xib */ = {isa = PBXFileReference; lastKnownFileType = file.xib; path = SelectableDialog.xib; sourceTree = "<group>"; };
		40F35E5D2465496B002634C7 /* SelectableIView.swift */ = {isa = PBXFileReference; lastKnownFileType = sourcecode.swift; path = SelectableIView.swift; sourceTree = "<group>"; };
		40F35E5F2465497F002634C7 /* SelectableIView.xib */ = {isa = PBXFileReference; lastKnownFileType = file.xib; path = SelectableIView.xib; sourceTree = "<group>"; };
		40F35E6224654AF1002634C7 /* SelectableViewModel.swift */ = {isa = PBXFileReference; lastKnownFileType = sourcecode.swift; path = SelectableViewModel.swift; sourceTree = "<group>"; };
		40F35E6424654C1A002634C7 /* SelectableItemModel.swift */ = {isa = PBXFileReference; lastKnownFileType = sourcecode.swift; path = SelectableItemModel.swift; sourceTree = "<group>"; };
		40F35E6724654D9E002634C7 /* SelectableItemTableViewCell.swift */ = {isa = PBXFileReference; lastKnownFileType = sourcecode.swift; path = SelectableItemTableViewCell.swift; sourceTree = "<group>"; };
		40F35E6824654D9E002634C7 /* SelectableItemTableViewCell.xib */ = {isa = PBXFileReference; lastKnownFileType = file.xib; path = SelectableItemTableViewCell.xib; sourceTree = "<group>"; };
		40F35E6B24659EEF002634C7 /* DomainCreateResponse.swift */ = {isa = PBXFileReference; lastKnownFileType = sourcecode.swift; path = DomainCreateResponse.swift; sourceTree = "<group>"; };
/* End PBXFileReference section */

/* Begin PBXFrameworksBuildPhase section */
		40835C6D245B603A007B942D /* Frameworks */ = {
			isa = PBXFrameworksBuildPhase;
			buildActionMask = 2147483647;
			files = (
			);
			runOnlyForDeploymentPostprocessing = 0;
		};
/* End PBXFrameworksBuildPhase section */

/* Begin PBXGroup section */
		40835C67245B603A007B942D = {
			isa = PBXGroup;
			children = (
				40835C72245B603A007B942D /* LazarusNetwork */,
				40835C71245B603A007B942D /* Products */,
			);
			sourceTree = "<group>";
		};
		40835C71245B603A007B942D /* Products */ = {
			isa = PBXGroup;
			children = (
				40835C70245B603A007B942D /* LazarusNetwork.app */,
			);
			name = Products;
			sourceTree = "<group>";
		};
		40835C72245B603A007B942D /* LazarusNetwork */ = {
			isa = PBXGroup;
			children = (
				40835CCE245C97D9007B942D /* Resources */,
				40835C89245C7013007B942D /* Cores */,
				40835C87245C7013007B942D /* Modules */,
				40835C73245B603A007B942D /* AppDelegate.swift */,
				40835C75245B603A007B942D /* SceneDelegate.swift */,
				40835C7E245B603C007B942D /* LaunchScreen.storyboard */,
				40835C81245B603C007B942D /* Info.plist */,
			);
			path = LazarusNetwork;
			sourceTree = "<group>";
		};
		40835C87245C7013007B942D /* Modules */ = {
			isa = PBXGroup;
			children = (
				40F35E4C2464781B002634C7 /* AddDomainName */,
				40835CDD245D76A2007B942D /* Domains */,
				40835C88245C7013007B942D /* Login */,
			);
			path = Modules;
			sourceTree = "<group>";
		};
		40835C88245C7013007B942D /* Login */ = {
			isa = PBXGroup;
			children = (
				40835CB0245C7B2F007B942D /* Structs */,
				40835C8A245C7037007B942D /* LoginViewController.swift */,
				40835C8C245C7051007B942D /* LoginViewPresenter.swift */,
				40835C8E245C7062007B942D /* LoginViewModel.swift */,
				40835C90245C7072007B942D /* LoginViewConfigurator.swift */,
				40835CCC245C8C0E007B942D /* StartUpFlowType.swift */,
			);
			path = Login;
			sourceTree = "<group>";
		};
		40835C89245C7013007B942D /* Cores */ = {
			isa = PBXGroup;
			children = (
				40835CF9245D9378007B942D /* Models */,
				40835CE6245D7D04007B942D /* Managers */,
				40835CC7245C8AD3007B942D /* Constants */,
				40835CB8245C8222007B942D /* Custom Views */,
				40835CB5245C819D007B942D /* Extensions */,
				40835CA3245C730A007B942D /* Fabrics */,
				40835CA0245C7281007B942D /* ViewControllers */,
				40835C98245C723F007B942D /* Configurators */,
				40835C9A245C723F007B942D /* Protocols */,
			);
			path = Cores;
			sourceTree = "<group>";
		};
		40835C98245C723F007B942D /* Configurators */ = {
			isa = PBXGroup;
			children = (
				40835C99245C723F007B942D /* BaseConfigurator.swift */,
				40835CA6245C7375007B942D /* BaseStartingConfigurator.swift */,
				40835CE9245D7E01007B942D /* Controllers.swift */,
			);
			path = Configurators;
			sourceTree = "<group>";
		};
		40835C9A245C723F007B942D /* Protocols */ = {
			isa = PBXGroup;
			children = (
				40835C9B245C723F007B942D /* Configurable.swift */,
				40835C9C245C723F007B942D /* NavigationControllerEmbedding.swift */,
				40835CA8245C7565007B942D /* Model.swift */,
				40835CAA245C75FD007B942D /* Protocol.swift */,
				40835CAE245C7808007B942D /* ProgressContainig.swift */,
				40835CBB245C8470007B942D /* UIViewLoading.swift */,
				40835CEB245D83FC007B942D /* PlainModelFillable.swift */,
				40F35E3A2460CA36002634C7 /* OnControllerPresentable.swift */,
			);
			path = Protocols;
			sourceTree = "<group>";
		};
		40835CA0245C7281007B942D /* ViewControllers */ = {
			isa = PBXGroup;
			children = (
				40835CA1245C728C007B942D /* BaseNavigationViewController.swift */,
				40835CAC245C7772007B942D /* ViewController.swift */,
				40835CB3245C809A007B942D /* BaseViewController.swift */,
			);
			path = ViewControllers;
			sourceTree = "<group>";
		};
		40835CA3245C730A007B942D /* Fabrics */ = {
			isa = PBXGroup;
			children = (
				40835CA4245C731A007B942D /* ControllerCreationFabric.swift */,
			);
			path = Fabrics;
			sourceTree = "<group>";
		};
		40835CB0245C7B2F007B942D /* Structs */ = {
			isa = PBXGroup;
			children = (
				40835CB1245C7B42007B942D /* Credentionals.swift */,
			);
			path = Structs;
			sourceTree = "<group>";
		};
		40835CB5245C819D007B942D /* Extensions */ = {
			isa = PBXGroup;
			children = (
				40835CB6245C81B5007B942D /* Int + Constants.swift */,
				40835CC5245C8A72007B942D /* String + Constants.swift */,
				40835CCA245C8B5A007B942D /* String+Localized.swift */,
				40835CDB245C9FDC007B942D /* UIViewController+KeyBoardDismissal.swift */,
				40835CF5245D8D1A007B942D /* UITableViewCell+ReuseIdentifier.swift */,
				40F35E3C2460CAD4002634C7 /* UIView+Constraints.swift */,
			);
			path = Extensions;
			sourceTree = "<group>";
		};
		40835CB8245C8222007B942D /* Custom Views */ = {
			isa = PBXGroup;
			children = (
				40F35E4024646DA8002634C7 /* Waiting Dialog */,
				40F35E2F2460C8AF002634C7 /* NavigationBar */,
				40F35E232460C8A3002634C7 /* Dialogs */,
				40F35E3E2460CC07002634C7 /* GradientView.swift */,
			);
			path = "Custom Views";
			sourceTree = "<group>";
		};
		40835CC7245C8AD3007B942D /* Constants */ = {
			isa = PBXGroup;
			children = (
				40835CC8245C8AE5007B942D /* Constants.swift */,
			);
			path = Constants;
			sourceTree = "<group>";
		};
		40835CCE245C97D9007B942D /* Resources */ = {
			isa = PBXGroup;
			children = (
				40F35E45246473E6002634C7 /* StoryBoards */,
				40F35E15245F6326002634C7 /* Images */,
				40835CF2245D86A7007B942D /* Colors */,
				40835CCF245C97D9007B942D /* Fonts */,
			);
			path = Resources;
			sourceTree = "<group>";
		};
		40835CCF245C97D9007B942D /* Fonts */ = {
			isa = PBXGroup;
			children = (
				40835CD0245C97D9007B942D /* Montserrat */,
			);
			path = Fonts;
			sourceTree = "<group>";
		};
		40835CD0245C97D9007B942D /* Montserrat */ = {
			isa = PBXGroup;
			children = (
				40835CD1245C97D9007B942D /* Montserrat-Medium.ttf */,
				40835CD2245C97D9007B942D /* Montserrat-Light.ttf */,
				40835CD3245C97D9007B942D /* Montserrat-Bold.ttf */,
				40835CD4245C97D9007B942D /* Montserrat-SemiBold.ttf */,
				40835CD5245C97D9007B942D /* Montserrat-Regular.ttf */,
			);
			path = Montserrat;
			sourceTree = "<group>";
		};
		40835CDD245D76A2007B942D /* Domains */ = {
			isa = PBXGroup;
			children = (
				40835CED245D84B5007B942D /* Views */,
				40835CDE245D7A21007B942D /* DomainsListViewController.swift */,
				40835CE0245D7A32007B942D /* DomainsListPresenter.swift */,
				40835CE2245D7A3F007B942D /* DomainsListModel.swift */,
				40835CE4245D7A4F007B942D /* DomainsListConfigurator.swift */,
			);
			path = Domains;
			sourceTree = "<group>";
		};
		40835CE6245D7D04007B942D /* Managers */ = {
			isa = PBXGroup;
			children = (
				40835CE7245D7D13007B942D /* NetworkManager.swift */,
				40835CF7245D91E3007B942D /* ReachabilityManager.swift */,
			);
			path = Managers;
			sourceTree = "<group>";
		};
		40835CED245D84B5007B942D /* Views */ = {
			isa = PBXGroup;
			children = (
				40835CEE245D84D7007B942D /* DomainTableViewCell.swift */,
				40835CEF245D84D7007B942D /* DomainTableViewCell.xib */,
			);
			path = Views;
			sourceTree = "<group>";
		};
		40835CF2245D86A7007B942D /* Colors */ = {
			isa = PBXGroup;
			children = (
				40835CF3245D86BF007B942D /* Colors.xcassets */,
			);
			path = Colors;
			sourceTree = "<group>";
		};
		40835CF9245D9378007B942D /* Models */ = {
			isa = PBXGroup;
			children = (
				40835CFA245D938A007B942D /* Domain.swift */,
				40835CFC245F0D41007B942D /* DomainResponse.swift */,
				40F35E552464AF97002634C7 /* DomainTypeResponse.swift */,
				40F35E6B24659EEF002634C7 /* DomainCreateResponse.swift */,
			);
			path = Models;
			sourceTree = "<group>";
		};
		40F35E15245F6326002634C7 /* Images */ = {
			isa = PBXGroup;
			children = (
				40F35E16245F6326002634C7 /* Assets.xcassets */,
			);
			path = Images;
			sourceTree = "<group>";
		};
		40F35E232460C8A3002634C7 /* Dialogs */ = {
			isa = PBXGroup;
			children = (
				40F35E5724654333002634C7 /* SelectableDialog */,
				40F35E242460C8A3002634C7 /* AlertView */,
			);
			path = Dialogs;
			sourceTree = "<group>";
		};
		40F35E242460C8A3002634C7 /* AlertView */ = {
			isa = PBXGroup;
			children = (
				40F35E252460C8A3002634C7 /* Enums */,
				40F35E272460C8A3002634C7 /* AlertView.xib */,
				40F35E282460C8A3002634C7 /* Support */,
				40F35E2A2460C8A3002634C7 /* AlertView.swift */,
			);
			path = AlertView;
			sourceTree = "<group>";
		};
		40F35E252460C8A3002634C7 /* Enums */ = {
			isa = PBXGroup;
			children = (
				40F35E262460C8A3002634C7 /* AlertViewState.swift */,
			);
			path = Enums;
			sourceTree = "<group>";
		};
		40F35E282460C8A3002634C7 /* Support */ = {
			isa = PBXGroup;
			children = (
				40F35E292460C8A3002634C7 /* AlertViewAction.swift */,
			);
			path = Support;
			sourceTree = "<group>";
		};
		40F35E2F2460C8AF002634C7 /* NavigationBar */ = {
			isa = PBXGroup;
			children = (
				40F35E302460C8AF002634C7 /* NavigationBar.swift */,
				40F35E312460C8AF002634C7 /* Enums */,
				40F35E332460C8AF002634C7 /* NavigationBar.xib */,
				40F35E342460C8AF002634C7 /* Protocols */,
			);
			path = NavigationBar;
			sourceTree = "<group>";
		};
		40F35E312460C8AF002634C7 /* Enums */ = {
			isa = PBXGroup;
			children = (
				40F35E322460C8AF002634C7 /* NavigationBarBackState.swift */,
			);
			path = Enums;
			sourceTree = "<group>";
		};
		40F35E342460C8AF002634C7 /* Protocols */ = {
			isa = PBXGroup;
			children = (
				40F35E352460C8AF002634C7 /* NavigationBarDelegate.swift */,
			);
			path = Protocols;
			sourceTree = "<group>";
		};
		40F35E4024646DA8002634C7 /* Waiting Dialog */ = {
			isa = PBXGroup;
			children = (
				40F35E4124646DA8002634C7 /* WaitingView.xib */,
				40F35E4224646DA8002634C7 /* WaitingView.swift */,
			);
			path = "Waiting Dialog";
			sourceTree = "<group>";
		};
		40F35E45246473E6002634C7 /* StoryBoards */ = {
			isa = PBXGroup;
			children = (
				40F35E46246473E6002634C7 /* Main.storyboard */,
			);
			path = StoryBoards;
			sourceTree = "<group>";
		};
		40F35E4C2464781B002634C7 /* AddDomainName */ = {
			isa = PBXGroup;
			children = (
				40F35E4D2464781B002634C7 /* AddDomainController.swift */,
				40F35E4F2464782E002634C7 /* AddDomainPresenter.swift */,
				40F35E5324647914002634C7 /* AddDomainModel.swift */,
				40F35E5124647851002634C7 /* AddDomainConfigurator.swift */,
			);
			path = AddDomainName;
			sourceTree = "<group>";
		};
		40F35E5724654333002634C7 /* SelectableDialog */ = {
			isa = PBXGroup;
			children = (
				40F35E5C24654946002634C7 /* Views */,
				40F35E5824654356002634C7 /* SelectableDialog.swift */,
				40F35E5A24654394002634C7 /* SelectableDialog.xib */,
			);
			path = SelectableDialog;
			sourceTree = "<group>";
		};
		40F35E5C24654946002634C7 /* Views */ = {
			isa = PBXGroup;
			children = (
				40F35E6624654D69002634C7 /* Cells */,
				40F35E6124654AE1002634C7 /* Model */,
				40F35E5D2465496B002634C7 /* SelectableIView.swift */,
				40F35E5F2465497F002634C7 /* SelectableIView.xib */,
			);
			path = Views;
			sourceTree = "<group>";
		};
		40F35E6124654AE1002634C7 /* Model */ = {
			isa = PBXGroup;
			children = (
				40F35E6224654AF1002634C7 /* SelectableViewModel.swift */,
				40F35E6424654C1A002634C7 /* SelectableItemModel.swift */,
			);
			path = Model;
			sourceTree = "<group>";
		};
		40F35E6624654D69002634C7 /* Cells */ = {
			isa = PBXGroup;
			children = (
				40F35E6724654D9E002634C7 /* SelectableItemTableViewCell.swift */,
				40F35E6824654D9E002634C7 /* SelectableItemTableViewCell.xib */,
			);
			path = Cells;
			sourceTree = "<group>";
		};
/* End PBXGroup section */

/* Begin PBXNativeTarget section */
		40835C6F245B603A007B942D /* LazarusNetwork */ = {
			isa = PBXNativeTarget;
			buildConfigurationList = 40835C84245B603C007B942D /* Build configuration list for PBXNativeTarget "LazarusNetwork" */;
			buildPhases = (
				40835C6C245B603A007B942D /* Sources */,
				40835C6D245B603A007B942D /* Frameworks */,
				40835C6E245B603A007B942D /* Resources */,
			);
			buildRules = (
			);
			dependencies = (
			);
			name = LazarusNetwork;
			productName = LazarusNetwork;
			productReference = 40835C70245B603A007B942D /* LazarusNetwork.app */;
			productType = "com.apple.product-type.application";
		};
/* End PBXNativeTarget section */

/* Begin PBXProject section */
		40835C68245B603A007B942D /* Project object */ = {
			isa = PBXProject;
			attributes = {
				LastSwiftUpdateCheck = 1140;
				LastUpgradeCheck = 1140;
				ORGANIZATIONNAME = "Melany Gulianovych";
				TargetAttributes = {
					40835C6F245B603A007B942D = {
						CreatedOnToolsVersion = 11.4;
					};
				};
			};
			buildConfigurationList = 40835C6B245B603A007B942D /* Build configuration list for PBXProject "LazarusNetwork" */;
			compatibilityVersion = "Xcode 9.3";
			developmentRegion = en;
			hasScannedForEncodings = 0;
			knownRegions = (
				en,
				Base,
			);
			mainGroup = 40835C67245B603A007B942D;
			productRefGroup = 40835C71245B603A007B942D /* Products */;
			projectDirPath = "";
			projectRoot = "";
			targets = (
				40835C6F245B603A007B942D /* LazarusNetwork */,
			);
		};
/* End PBXProject section */

/* Begin PBXResourcesBuildPhase section */
		40835C6E245B603A007B942D /* Resources */ = {
			isa = PBXResourcesBuildPhase;
			buildActionMask = 2147483647;
			files = (
				40835CDA245C97D9007B942D /* Montserrat-Regular.ttf in Resources */,
				40F35E4324646DA9002634C7 /* WaitingView.xib in Resources */,
				40835CD7245C97D9007B942D /* Montserrat-Light.ttf in Resources */,
				40F35E17245F6326002634C7 /* Assets.xcassets in Resources */,
				40F35E382460C8AF002634C7 /* NavigationBar.xib in Resources */,
				40835C80245B603C007B942D /* LaunchScreen.storyboard in Resources */,
				40F35E6A24654D9E002634C7 /* SelectableItemTableViewCell.xib in Resources */,
				40835CF1245D84D7007B942D /* DomainTableViewCell.xib in Resources */,
				40F35E47246473E6002634C7 /* Main.storyboard in Resources */,
				40835CD6245C97D9007B942D /* Montserrat-Medium.ttf in Resources */,
				40835CF4245D86BF007B942D /* Colors.xcassets in Resources */,
				40835CD9245C97D9007B942D /* Montserrat-SemiBold.ttf in Resources */,
				40F35E5B24654394002634C7 /* SelectableDialog.xib in Resources */,
				40835CD8245C97D9007B942D /* Montserrat-Bold.ttf in Resources */,
				40F35E602465497F002634C7 /* SelectableIView.xib in Resources */,
				40F35E2C2460C8A3002634C7 /* AlertView.xib in Resources */,
			);
			runOnlyForDeploymentPostprocessing = 0;
		};
/* End PBXResourcesBuildPhase section */

/* Begin PBXSourcesBuildPhase section */
		40835C6C245B603A007B942D /* Sources */ = {
			isa = PBXSourcesBuildPhase;
			buildActionMask = 2147483647;
			files = (
				40835CE1245D7A32007B942D /* DomainsListPresenter.swift in Sources */,
				40835CC9245C8AE5007B942D /* Constants.swift in Sources */,
				40F35E372460C8AF002634C7 /* NavigationBarBackState.swift in Sources */,
				40F35E392460C8AF002634C7 /* NavigationBarDelegate.swift in Sources */,
				40835CA2245C728C007B942D /* BaseNavigationViewController.swift in Sources */,
				40835CB2245C7B42007B942D /* Credentionals.swift in Sources */,
				40835C8D245C7051007B942D /* LoginViewPresenter.swift in Sources */,
				40F35E2E2460C8A3002634C7 /* AlertView.swift in Sources */,
				40835CCB245C8B5A007B942D /* String+Localized.swift in Sources */,
				40835CDC245C9FDC007B942D /* UIViewController+KeyBoardDismissal.swift in Sources */,
				40F35E5E2465496B002634C7 /* SelectableIView.swift in Sources */,
				40F35E3B2460CA36002634C7 /* OnControllerPresentable.swift in Sources */,
				40835CB7245C81B5007B942D /* Int + Constants.swift in Sources */,
				40F35E3D2460CAD4002634C7 /* UIView+Constraints.swift in Sources */,
				40F35E5424647914002634C7 /* AddDomainModel.swift in Sources */,
				40835C91245C7072007B942D /* LoginViewConfigurator.swift in Sources */,
				40835CAF245C7808007B942D /* ProgressContainig.swift in Sources */,
				40835CFB245D938A007B942D /* Domain.swift in Sources */,
				40835CB4245C809A007B942D /* BaseViewController.swift in Sources */,
				40835C8B245C7037007B942D /* LoginViewController.swift in Sources */,
				40835CFD245F0D41007B942D /* DomainResponse.swift in Sources */,
				40835C8F245C7062007B942D /* LoginViewModel.swift in Sources */,
				40835CA5245C731A007B942D /* ControllerCreationFabric.swift in Sources */,
				40F35E562464AF97002634C7 /* DomainTypeResponse.swift in Sources */,
				40F35E5224647851002634C7 /* AddDomainConfigurator.swift in Sources */,
				40F35E6924654D9E002634C7 /* SelectableItemTableViewCell.swift in Sources */,
				40835CE8245D7D13007B942D /* NetworkManager.swift in Sources */,
				40835CA9245C7565007B942D /* Model.swift in Sources */,
				40835C74245B603A007B942D /* AppDelegate.swift in Sources */,
				40F35E3F2460CC07002634C7 /* GradientView.swift in Sources */,
				40835C9E245C723F007B942D /* Configurable.swift in Sources */,
				40835CE5245D7A4F007B942D /* DomainsListConfigurator.swift in Sources */,
				40F35E6C24659EEF002634C7 /* DomainCreateResponse.swift in Sources */,
				40835CF8245D91E3007B942D /* ReachabilityManager.swift in Sources */,
				40F35E6524654C1A002634C7 /* SelectableItemModel.swift in Sources */,
				40835C9F245C723F007B942D /* NavigationControllerEmbedding.swift in Sources */,
				40F35E502464782E002634C7 /* AddDomainPresenter.swift in Sources */,
				40835CBC245C8470007B942D /* UIViewLoading.swift in Sources */,
				40F35E4E2464781B002634C7 /* AddDomainController.swift in Sources */,
				40835CA7245C7375007B942D /* BaseStartingConfigurator.swift in Sources */,
				40835CEA245D7E01007B942D /* Controllers.swift in Sources */,
				40835CCD245C8C0E007B942D /* StartUpFlowType.swift in Sources */,
				40835CF6245D8D1A007B942D /* UITableViewCell+ReuseIdentifier.swift in Sources */,
				40F35E6324654AF1002634C7 /* SelectableViewModel.swift in Sources */,
				40835CDF245D7A21007B942D /* DomainsListViewController.swift in Sources */,
				40835CC6245C8A72007B942D /* String + Constants.swift in Sources */,
				40F35E5924654356002634C7 /* SelectableDialog.swift in Sources */,
				40F35E2D2460C8A3002634C7 /* AlertViewAction.swift in Sources */,
				40835C76245B603A007B942D /* SceneDelegate.swift in Sources */,
				40835C9D245C723F007B942D /* BaseConfigurator.swift in Sources */,
				40835CAD245C7772007B942D /* ViewController.swift in Sources */,
				40835CE3245D7A3F007B942D /* DomainsListModel.swift in Sources */,
				40F35E4424646DA9002634C7 /* WaitingView.swift in Sources */,
				40835CEC245D83FC007B942D /* PlainModelFillable.swift in Sources */,
				40F35E362460C8AF002634C7 /* NavigationBar.swift in Sources */,
				40F35E2B2460C8A3002634C7 /* AlertViewState.swift in Sources */,
				40835CAB245C75FD007B942D /* Protocol.swift in Sources */,
				40835CF0245D84D7007B942D /* DomainTableViewCell.swift in Sources */,
			);
			runOnlyForDeploymentPostprocessing = 0;
		};
/* End PBXSourcesBuildPhase section */

/* Begin PBXVariantGroup section */
		40835C7E245B603C007B942D /* LaunchScreen.storyboard */ = {
			isa = PBXVariantGroup;
			children = (
				40835C7F245B603C007B942D /* Base */,
			);
			name = LaunchScreen.storyboard;
			sourceTree = "<group>";
		};
/* End PBXVariantGroup section */

/* Begin XCBuildConfiguration section */
		40835C82245B603C007B942D /* Debug */ = {
			isa = XCBuildConfiguration;
			buildSettings = {
				ALWAYS_SEARCH_USER_PATHS = NO;
				CLANG_ANALYZER_NONNULL = YES;
				CLANG_ANALYZER_NUMBER_OBJECT_CONVERSION = YES_AGGRESSIVE;
				CLANG_CXX_LANGUAGE_STANDARD = "gnu++14";
				CLANG_CXX_LIBRARY = "libc++";
				CLANG_ENABLE_MODULES = YES;
				CLANG_ENABLE_OBJC_ARC = YES;
				CLANG_ENABLE_OBJC_WEAK = YES;
				CLANG_WARN_BLOCK_CAPTURE_AUTORELEASING = YES;
				CLANG_WARN_BOOL_CONVERSION = YES;
				CLANG_WARN_COMMA = YES;
				CLANG_WARN_CONSTANT_CONVERSION = YES;
				CLANG_WARN_DEPRECATED_OBJC_IMPLEMENTATIONS = YES;
				CLANG_WARN_DIRECT_OBJC_ISA_USAGE = YES_ERROR;
				CLANG_WARN_DOCUMENTATION_COMMENTS = YES;
				CLANG_WARN_EMPTY_BODY = YES;
				CLANG_WARN_ENUM_CONVERSION = YES;
				CLANG_WARN_INFINITE_RECURSION = YES;
				CLANG_WARN_INT_CONVERSION = YES;
				CLANG_WARN_NON_LITERAL_NULL_CONVERSION = YES;
				CLANG_WARN_OBJC_IMPLICIT_RETAIN_SELF = YES;
				CLANG_WARN_OBJC_LITERAL_CONVERSION = YES;
				CLANG_WARN_OBJC_ROOT_CLASS = YES_ERROR;
				CLANG_WARN_RANGE_LOOP_ANALYSIS = YES;
				CLANG_WARN_STRICT_PROTOTYPES = YES;
				CLANG_WARN_SUSPICIOUS_MOVE = YES;
				CLANG_WARN_UNGUARDED_AVAILABILITY = YES_AGGRESSIVE;
				CLANG_WARN_UNREACHABLE_CODE = YES;
				CLANG_WARN__DUPLICATE_METHOD_MATCH = YES;
				COPY_PHASE_STRIP = NO;
				DEBUG_INFORMATION_FORMAT = dwarf;
				ENABLE_STRICT_OBJC_MSGSEND = YES;
				ENABLE_TESTABILITY = YES;
				GCC_C_LANGUAGE_STANDARD = gnu11;
				GCC_DYNAMIC_NO_PIC = NO;
				GCC_NO_COMMON_BLOCKS = YES;
				GCC_OPTIMIZATION_LEVEL = 0;
				GCC_PREPROCESSOR_DEFINITIONS = (
					"DEBUG=1",
					"$(inherited)",
				);
				GCC_WARN_64_TO_32_BIT_CONVERSION = YES;
				GCC_WARN_ABOUT_RETURN_TYPE = YES_ERROR;
				GCC_WARN_UNDECLARED_SELECTOR = YES;
				GCC_WARN_UNINITIALIZED_AUTOS = YES_AGGRESSIVE;
				GCC_WARN_UNUSED_FUNCTION = YES;
				GCC_WARN_UNUSED_VARIABLE = YES;
				IPHONEOS_DEPLOYMENT_TARGET = 13.4;
				MTL_ENABLE_DEBUG_INFO = INCLUDE_SOURCE;
				MTL_FAST_MATH = YES;
				ONLY_ACTIVE_ARCH = YES;
				SDKROOT = iphoneos;
				SWIFT_ACTIVE_COMPILATION_CONDITIONS = DEBUG;
				SWIFT_OPTIMIZATION_LEVEL = "-Onone";
			};
			name = Debug;
		};
		40835C83245B603C007B942D /* Release */ = {
			isa = XCBuildConfiguration;
			buildSettings = {
				ALWAYS_SEARCH_USER_PATHS = NO;
				CLANG_ANALYZER_NONNULL = YES;
				CLANG_ANALYZER_NUMBER_OBJECT_CONVERSION = YES_AGGRESSIVE;
				CLANG_CXX_LANGUAGE_STANDARD = "gnu++14";
				CLANG_CXX_LIBRARY = "libc++";
				CLANG_ENABLE_MODULES = YES;
				CLANG_ENABLE_OBJC_ARC = YES;
				CLANG_ENABLE_OBJC_WEAK = YES;
				CLANG_WARN_BLOCK_CAPTURE_AUTORELEASING = YES;
				CLANG_WARN_BOOL_CONVERSION = YES;
				CLANG_WARN_COMMA = YES;
				CLANG_WARN_CONSTANT_CONVERSION = YES;
				CLANG_WARN_DEPRECATED_OBJC_IMPLEMENTATIONS = YES;
				CLANG_WARN_DIRECT_OBJC_ISA_USAGE = YES_ERROR;
				CLANG_WARN_DOCUMENTATION_COMMENTS = YES;
				CLANG_WARN_EMPTY_BODY = YES;
				CLANG_WARN_ENUM_CONVERSION = YES;
				CLANG_WARN_INFINITE_RECURSION = YES;
				CLANG_WARN_INT_CONVERSION = YES;
				CLANG_WARN_NON_LITERAL_NULL_CONVERSION = YES;
				CLANG_WARN_OBJC_IMPLICIT_RETAIN_SELF = YES;
				CLANG_WARN_OBJC_LITERAL_CONVERSION = YES;
				CLANG_WARN_OBJC_ROOT_CLASS = YES_ERROR;
				CLANG_WARN_RANGE_LOOP_ANALYSIS = YES;
				CLANG_WARN_STRICT_PROTOTYPES = YES;
				CLANG_WARN_SUSPICIOUS_MOVE = YES;
				CLANG_WARN_UNGUARDED_AVAILABILITY = YES_AGGRESSIVE;
				CLANG_WARN_UNREACHABLE_CODE = YES;
				CLANG_WARN__DUPLICATE_METHOD_MATCH = YES;
				COPY_PHASE_STRIP = NO;
				DEBUG_INFORMATION_FORMAT = "dwarf-with-dsym";
				ENABLE_NS_ASSERTIONS = NO;
				ENABLE_STRICT_OBJC_MSGSEND = YES;
				GCC_C_LANGUAGE_STANDARD = gnu11;
				GCC_NO_COMMON_BLOCKS = YES;
				GCC_WARN_64_TO_32_BIT_CONVERSION = YES;
				GCC_WARN_ABOUT_RETURN_TYPE = YES_ERROR;
				GCC_WARN_UNDECLARED_SELECTOR = YES;
				GCC_WARN_UNINITIALIZED_AUTOS = YES_AGGRESSIVE;
				GCC_WARN_UNUSED_FUNCTION = YES;
				GCC_WARN_UNUSED_VARIABLE = YES;
				IPHONEOS_DEPLOYMENT_TARGET = 13.4;
				MTL_ENABLE_DEBUG_INFO = NO;
				MTL_FAST_MATH = YES;
				SDKROOT = iphoneos;
				SWIFT_COMPILATION_MODE = wholemodule;
				SWIFT_OPTIMIZATION_LEVEL = "-O";
				VALIDATE_PRODUCT = YES;
			};
			name = Release;
		};
		40835C85245B603C007B942D /* Debug */ = {
			isa = XCBuildConfiguration;
			buildSettings = {
				ASSETCATALOG_COMPILER_APPICON_NAME = AppIcon;
				CODE_SIGN_STYLE = Automatic;
				DEVELOPMENT_TEAM = RD9R4LLF26;
				INFOPLIST_FILE = LazarusNetwork/Info.plist;
				LD_RUNPATH_SEARCH_PATHS = (
					"$(inherited)",
					"@executable_path/Frameworks",
				);
				PRODUCT_BUNDLE_IDENTIFIER = me.LazarusNetwork;
				PRODUCT_NAME = "$(TARGET_NAME)";
				SWIFT_VERSION = 5.0;
				TARGETED_DEVICE_FAMILY = "1,2";
			};
			name = Debug;
		};
		40835C86245B603C007B942D /* Release */ = {
			isa = XCBuildConfiguration;
			buildSettings = {
				ASSETCATALOG_COMPILER_APPICON_NAME = AppIcon;
				CODE_SIGN_STYLE = Automatic;
				DEVELOPMENT_TEAM = RD9R4LLF26;
				INFOPLIST_FILE = LazarusNetwork/Info.plist;
				LD_RUNPATH_SEARCH_PATHS = (
					"$(inherited)",
					"@executable_path/Frameworks",
				);
				PRODUCT_BUNDLE_IDENTIFIER = me.LazarusNetwork;
				PRODUCT_NAME = "$(TARGET_NAME)";
				SWIFT_VERSION = 5.0;
				TARGETED_DEVICE_FAMILY = "1,2";
			};
			name = Release;
		};
/* End XCBuildConfiguration section */

/* Begin XCConfigurationList section */
		40835C6B245B603A007B942D /* Build configuration list for PBXProject "LazarusNetwork" */ = {
			isa = XCConfigurationList;
			buildConfigurations = (
				40835C82245B603C007B942D /* Debug */,
				40835C83245B603C007B942D /* Release */,
			);
			defaultConfigurationIsVisible = 0;
			defaultConfigurationName = Release;
		};
		40835C84245B603C007B942D /* Build configuration list for PBXNativeTarget "LazarusNetwork" */ = {
			isa = XCConfigurationList;
			buildConfigurations = (
				40835C85245B603C007B942D /* Debug */,
				40835C86245B603C007B942D /* Release */,
			);
			defaultConfigurationIsVisible = 0;
			defaultConfigurationName = Release;
		};
/* End XCConfigurationList section */
	};
	rootObject = 40835C68245B603A007B942D /* Project object */;
}
